// !$*UTF8*$!
{
	archiveVersion = 1;
	classes = {
	};
	objectVersion = 48;
	objects = {

/* Begin PBXBuildFile section */
		380E99371F9EEF1A0059E0C4 /* AppDelegate.swift in Sources */ = {isa = PBXBuildFile; fileRef = 380E99361F9EEF1A0059E0C4 /* AppDelegate.swift */; };
		380E993C1F9EEF1A0059E0C4 /* Main.storyboard in Resources */ = {isa = PBXBuildFile; fileRef = 380E993A1F9EEF1A0059E0C4 /* Main.storyboard */; };
		380E99411F9EEF1A0059E0C4 /* Assets.xcassets in Resources */ = {isa = PBXBuildFile; fileRef = 380E99401F9EEF1A0059E0C4 /* Assets.xcassets */; };
		380E99441F9EEF1A0059E0C4 /* LaunchScreen.storyboard in Resources */ = {isa = PBXBuildFile; fileRef = 380E99421F9EEF1A0059E0C4 /* LaunchScreen.storyboard */; };
		3850AA101FD5B95E0057D125 /* CloudKitSyncable.swift in Sources */ = {isa = PBXBuildFile; fileRef = 3850AA0F1FD5B95E0057D125 /* CloudKitSyncable.swift */; };
		3850AA131FD5BE6B0057D125 /* Noteworthy.xcdatamodeld in Sources */ = {isa = PBXBuildFile; fileRef = 3850AA111FD5BE6B0057D125 /* Noteworthy.xcdatamodeld */; };
		3850AA151FD5C0DA0057D125 /* CoreDataStack.swift in Sources */ = {isa = PBXBuildFile; fileRef = 3850AA141FD5C0DA0057D125 /* CoreDataStack.swift */; };
		3850AA1A1FD5C3F90057D125 /* Entry+CoreDataClass.swift in Sources */ = {isa = PBXBuildFile; fileRef = 3850AA181FD5C3F90057D125 /* Entry+CoreDataClass.swift */; };
		3850AA1B1FD5C3F90057D125 /* Entry+CoreDataProperties.swift in Sources */ = {isa = PBXBuildFile; fileRef = 3850AA191FD5C3F90057D125 /* Entry+CoreDataProperties.swift */; };
		3850AA1D1FD5CCC70057D125 /* EntryController.swift in Sources */ = {isa = PBXBuildFile; fileRef = 3850AA1C1FD5CCC70057D125 /* EntryController.swift */; };
		3850AA1F1FD5D5270057D125 /* TimeLineTableViewController.swift in Sources */ = {isa = PBXBuildFile; fileRef = 3850AA1E1FD5D5270057D125 /* TimeLineTableViewController.swift */; };
		3850AA211FD5D5620057D125 /* AddEditEntryViewController.swift in Sources */ = {isa = PBXBuildFile; fileRef = 3850AA201FD5D5620057D125 /* AddEditEntryViewController.swift */; };
		3850AA231FD5D6EC0057D125 /* EntryTableViewCell.swift in Sources */ = {isa = PBXBuildFile; fileRef = 3850AA221FD5D6EC0057D125 /* EntryTableViewCell.swift */; };
		3850AA251FD5E83C0057D125 /* Theme.swift in Sources */ = {isa = PBXBuildFile; fileRef = 3850AA241FD5E83C0057D125 /* Theme.swift */; };
		3850AA271FD5FF5F0057D125 /* MediaSelectViewController.swift in Sources */ = {isa = PBXBuildFile; fileRef = 3850AA261FD5FF5F0057D125 /* MediaSelectViewController.swift */; };
		3878AAB41FD9DF2C00C18C56 /* EntryWithPhotoTableViewCell.swift in Sources */ = {isa = PBXBuildFile; fileRef = 3878AAB31FD9DF2C00C18C56 /* EntryWithPhotoTableViewCell.swift */; };
		3878AAB61FD9EEBA00C18C56 /* ChallengeCategoryViewController.swift in Sources */ = {isa = PBXBuildFile; fileRef = 3878AAB51FD9EEBA00C18C56 /* ChallengeCategoryViewController.swift */; };
		389E01971FD0C69B00F18ECE /* Challenge.swift in Sources */ = {isa = PBXBuildFile; fileRef = 389E01961FD0C69B00F18ECE /* Challenge.swift */; };
		389E019A1FD0C72E00F18ECE /* CloudKitManager.swift in Sources */ = {isa = PBXBuildFile; fileRef = 389E01991FD0C72E00F18ECE /* CloudKitManager.swift */; };
/* End PBXBuildFile section */

/* Begin PBXFileReference section */
		380E99331F9EEF1A0059E0C4 /* Noteworthy.app */ = {isa = PBXFileReference; explicitFileType = wrapper.application; includeInIndex = 0; path = Noteworthy.app; sourceTree = BUILT_PRODUCTS_DIR; };
		380E99361F9EEF1A0059E0C4 /* AppDelegate.swift */ = {isa = PBXFileReference; lastKnownFileType = sourcecode.swift; path = AppDelegate.swift; sourceTree = "<group>"; };
		380E993B1F9EEF1A0059E0C4 /* Base */ = {isa = PBXFileReference; lastKnownFileType = file.storyboard; name = Base; path = Base.lproj/Main.storyboard; sourceTree = "<group>"; };
		380E99401F9EEF1A0059E0C4 /* Assets.xcassets */ = {isa = PBXFileReference; lastKnownFileType = folder.assetcatalog; path = Assets.xcassets; sourceTree = "<group>"; };
		380E99431F9EEF1A0059E0C4 /* Base */ = {isa = PBXFileReference; lastKnownFileType = file.storyboard; name = Base; path = Base.lproj/LaunchScreen.storyboard; sourceTree = "<group>"; };
		380E99451F9EEF1A0059E0C4 /* Info.plist */ = {isa = PBXFileReference; lastKnownFileType = text.plist.xml; path = Info.plist; sourceTree = "<group>"; };
		3850AA0F1FD5B95E0057D125 /* CloudKitSyncable.swift */ = {isa = PBXFileReference; lastKnownFileType = sourcecode.swift; path = CloudKitSyncable.swift; sourceTree = "<group>"; };
		3850AA121FD5BE6B0057D125 /* Noteworthy.xcdatamodel */ = {isa = PBXFileReference; lastKnownFileType = wrapper.xcdatamodel; path = Noteworthy.xcdatamodel; sourceTree = "<group>"; };
		3850AA141FD5C0DA0057D125 /* CoreDataStack.swift */ = {isa = PBXFileReference; lastKnownFileType = sourcecode.swift; path = CoreDataStack.swift; sourceTree = "<group>"; };
		3850AA181FD5C3F90057D125 /* Entry+CoreDataClass.swift */ = {isa = PBXFileReference; lastKnownFileType = sourcecode.swift; path = "Entry+CoreDataClass.swift"; sourceTree = "<group>"; };
		3850AA191FD5C3F90057D125 /* Entry+CoreDataProperties.swift */ = {isa = PBXFileReference; lastKnownFileType = sourcecode.swift; path = "Entry+CoreDataProperties.swift"; sourceTree = "<group>"; };
		3850AA1C1FD5CCC70057D125 /* EntryController.swift */ = {isa = PBXFileReference; lastKnownFileType = sourcecode.swift; path = EntryController.swift; sourceTree = "<group>"; };
		3850AA1E1FD5D5270057D125 /* TimeLineTableViewController.swift */ = {isa = PBXFileReference; lastKnownFileType = sourcecode.swift; path = TimeLineTableViewController.swift; sourceTree = "<group>"; };
		3850AA201FD5D5620057D125 /* AddEditEntryViewController.swift */ = {isa = PBXFileReference; lastKnownFileType = sourcecode.swift; path = AddEditEntryViewController.swift; sourceTree = "<group>"; };
		3850AA221FD5D6EC0057D125 /* EntryTableViewCell.swift */ = {isa = PBXFileReference; lastKnownFileType = sourcecode.swift; path = EntryTableViewCell.swift; sourceTree = "<group>"; };
		3850AA241FD5E83C0057D125 /* Theme.swift */ = {isa = PBXFileReference; lastKnownFileType = sourcecode.swift; path = Theme.swift; sourceTree = "<group>"; };
		3850AA261FD5FF5F0057D125 /* MediaSelectViewController.swift */ = {isa = PBXFileReference; lastKnownFileType = sourcecode.swift; path = MediaSelectViewController.swift; sourceTree = "<group>"; };
		3878AAB31FD9DF2C00C18C56 /* EntryWithPhotoTableViewCell.swift */ = {isa = PBXFileReference; lastKnownFileType = sourcecode.swift; path = EntryWithPhotoTableViewCell.swift; sourceTree = "<group>"; };
		3878AAB51FD9EEBA00C18C56 /* ChallengeCategoryViewController.swift */ = {isa = PBXFileReference; lastKnownFileType = sourcecode.swift; path = ChallengeCategoryViewController.swift; sourceTree = "<group>"; };
		388A1BA81FCE13BD0005719E /* Noteworthy.entitlements */ = {isa = PBXFileReference; lastKnownFileType = text.plist.entitlements; path = Noteworthy.entitlements; sourceTree = "<group>"; };
		389E01961FD0C69B00F18ECE /* Challenge.swift */ = {isa = PBXFileReference; lastKnownFileType = sourcecode.swift; path = Challenge.swift; sourceTree = "<group>"; };
		389E01991FD0C72E00F18ECE /* CloudKitManager.swift */ = {isa = PBXFileReference; lastKnownFileType = sourcecode.swift; path = CloudKitManager.swift; sourceTree = "<group>"; };
/* End PBXFileReference section */

/* Begin PBXFrameworksBuildPhase section */
		380E99301F9EEF1A0059E0C4 /* Frameworks */ = {
			isa = PBXFrameworksBuildPhase;
			buildActionMask = 2147483647;
			files = (
			);
			runOnlyForDeploymentPostprocessing = 0;
		};
/* End PBXFrameworksBuildPhase section */

/* Begin PBXGroup section */
		380E992A1F9EEF1A0059E0C4 = {
			isa = PBXGroup;
			children = (
				380E99351F9EEF1A0059E0C4 /* Noteworthy */,
				380E99341F9EEF1A0059E0C4 /* Products */,
			);
			sourceTree = "<group>";
		};
		380E99341F9EEF1A0059E0C4 /* Products */ = {
			isa = PBXGroup;
			children = (
				380E99331F9EEF1A0059E0C4 /* Noteworthy.app */,
			);
			name = Products;
			sourceTree = "<group>";
		};
		380E99351F9EEF1A0059E0C4 /* Noteworthy */ = {
			isa = PBXGroup;
			children = (
				388A1BAA1FCE13EA0005719E /* Models */,
				388A1BAB1FCE13F20005719E /* Model Controllers */,
				388A1BAC1FCE13FB0005719E /* ViewControllers */,
				388A1BA91FCE13DA0005719E /* Views */,
				389E01981FD0C70500F18ECE /* Other Controllers */,
				3850AA0E1FD5B93E0057D125 /* Protocols */,
				388A1BAD1FCE14050005719E /* Resources */,
				380E99451F9EEF1A0059E0C4 /* Info.plist */,
				388A1BA81FCE13BD0005719E /* Noteworthy.entitlements */,
			);
			path = Noteworthy;
			sourceTree = "<group>";
		};
		3850AA0E1FD5B93E0057D125 /* Protocols */ = {
			isa = PBXGroup;
			children = (
				3850AA0F1FD5B95E0057D125 /* CloudKitSyncable.swift */,
			);
			path = Protocols;
			sourceTree = "<group>";
		};
		388A1BA91FCE13DA0005719E /* Views */ = {
			isa = PBXGroup;
			children = (
				3850AA221FD5D6EC0057D125 /* EntryTableViewCell.swift */,
				3878AAB31FD9DF2C00C18C56 /* EntryWithPhotoTableViewCell.swift */,
				380E99421F9EEF1A0059E0C4 /* LaunchScreen.storyboard */,
				380E993A1F9EEF1A0059E0C4 /* Main.storyboard */,
			);
			path = Views;
			sourceTree = "<group>";
		};
		388A1BAA1FCE13EA0005719E /* Models */ = {
			isa = PBXGroup;
			children = (
				3850AA111FD5BE6B0057D125 /* Noteworthy.xcdatamodeld */,
				3850AA181FD5C3F90057D125 /* Entry+CoreDataClass.swift */,
				3850AA191FD5C3F90057D125 /* Entry+CoreDataProperties.swift */,
				3850AA141FD5C0DA0057D125 /* CoreDataStack.swift */,
				389E01961FD0C69B00F18ECE /* Challenge.swift */,
			);
			path = Models;
			sourceTree = "<group>";
		};
		388A1BAB1FCE13F20005719E /* Model Controllers */ = {
			isa = PBXGroup;
			children = (
				3850AA1C1FD5CCC70057D125 /* EntryController.swift */,
			);
			path = "Model Controllers";
			sourceTree = "<group>";
		};
		388A1BAC1FCE13FB0005719E /* ViewControllers */ = {
			isa = PBXGroup;
			children = (
				3850AA1E1FD5D5270057D125 /* TimeLineTableViewController.swift */,
				3850AA201FD5D5620057D125 /* AddEditEntryViewController.swift */,
				3850AA261FD5FF5F0057D125 /* MediaSelectViewController.swift */,
				3878AAB51FD9EEBA00C18C56 /* ChallengeCategoryViewController.swift */,
			);
			path = ViewControllers;
			sourceTree = "<group>";
		};
		388A1BAD1FCE14050005719E /* Resources */ = {
			isa = PBXGroup;
			children = (
				380E99401F9EEF1A0059E0C4 /* Assets.xcassets */,
				380E99361F9EEF1A0059E0C4 /* AppDelegate.swift */,
				3850AA241FD5E83C0057D125 /* Theme.swift */,
			);
			path = Resources;
			sourceTree = "<group>";
		};
		389E01981FD0C70500F18ECE /* Other Controllers */ = {
			isa = PBXGroup;
			children = (
				389E01991FD0C72E00F18ECE /* CloudKitManager.swift */,
			);
			path = "Other Controllers";
			sourceTree = "<group>";
		};
/* End PBXGroup section */

/* Begin PBXNativeTarget section */
		380E99321F9EEF1A0059E0C4 /* Noteworthy */ = {
			isa = PBXNativeTarget;
			buildConfigurationList = 380E99481F9EEF1A0059E0C4 /* Build configuration list for PBXNativeTarget "Noteworthy" */;
			buildPhases = (
				380E992F1F9EEF1A0059E0C4 /* Sources */,
				380E99301F9EEF1A0059E0C4 /* Frameworks */,
				380E99311F9EEF1A0059E0C4 /* Resources */,
			);
			buildRules = (
			);
			dependencies = (
			);
			name = Noteworthy;
			productName = Noteworthy;
			productReference = 380E99331F9EEF1A0059E0C4 /* Noteworthy.app */;
			productType = "com.apple.product-type.application";
		};
/* End PBXNativeTarget section */

/* Begin PBXProject section */
		380E992B1F9EEF1A0059E0C4 /* Project object */ = {
			isa = PBXProject;
			attributes = {
				LastSwiftUpdateCheck = 0900;
				LastUpgradeCheck = 0900;
				ORGANIZATIONNAME = "Johnny Hicks";
				TargetAttributes = {
					380E99321F9EEF1A0059E0C4 = {
						CreatedOnToolsVersion = 9.0.1;
						ProvisioningStyle = Automatic;
						SystemCapabilities = {
							com.apple.iCloud = {
								enabled = 1;
							};
						};
					};
				};
			};
			buildConfigurationList = 380E992E1F9EEF1A0059E0C4 /* Build configuration list for PBXProject "Noteworthy" */;
			compatibilityVersion = "Xcode 8.0";
			developmentRegion = en;
			hasScannedForEncodings = 0;
			knownRegions = (
				en,
				Base,
			);
			mainGroup = 380E992A1F9EEF1A0059E0C4;
			productRefGroup = 380E99341F9EEF1A0059E0C4 /* Products */;
			projectDirPath = "";
			projectRoot = "";
			targets = (
				380E99321F9EEF1A0059E0C4 /* Noteworthy */,
			);
		};
/* End PBXProject section */

/* Begin PBXResourcesBuildPhase section */
		380E99311F9EEF1A0059E0C4 /* Resources */ = {
			isa = PBXResourcesBuildPhase;
			buildActionMask = 2147483647;
			files = (
				380E99441F9EEF1A0059E0C4 /* LaunchScreen.storyboard in Resources */,
				380E99411F9EEF1A0059E0C4 /* Assets.xcassets in Resources */,
				380E993C1F9EEF1A0059E0C4 /* Main.storyboard in Resources */,
			);
			runOnlyForDeploymentPostprocessing = 0;
		};
/* End PBXResourcesBuildPhase section */

/* Begin PBXSourcesBuildPhase section */
		380E992F1F9EEF1A0059E0C4 /* Sources */ = {
			isa = PBXSourcesBuildPhase;
			buildActionMask = 2147483647;
			files = (
				3878AAB61FD9EEBA00C18C56 /* ChallengeCategoryViewController.swift in Sources */,
				3878AAB41FD9DF2C00C18C56 /* EntryWithPhotoTableViewCell.swift in Sources */,
				3850AA231FD5D6EC0057D125 /* EntryTableViewCell.swift in Sources */,
				3850AA1F1FD5D5270057D125 /* TimeLineTableViewController.swift in Sources */,
				3850AA151FD5C0DA0057D125 /* CoreDataStack.swift in Sources */,
				3850AA101FD5B95E0057D125 /* CloudKitSyncable.swift in Sources */,
				3850AA251FD5E83C0057D125 /* Theme.swift in Sources */,
				389E01971FD0C69B00F18ECE /* Challenge.swift in Sources */,
				3850AA1D1FD5CCC70057D125 /* EntryController.swift in Sources */,
				3850AA1B1FD5C3F90057D125 /* Entry+CoreDataProperties.swift in Sources */,
				3850AA1A1FD5C3F90057D125 /* Entry+CoreDataClass.swift in Sources */,
				3850AA211FD5D5620057D125 /* AddEditEntryViewController.swift in Sources */,
				389E019A1FD0C72E00F18ECE /* CloudKitManager.swift in Sources */,
				3850AA131FD5BE6B0057D125 /* Noteworthy.xcdatamodeld in Sources */,
				380E99371F9EEF1A0059E0C4 /* AppDelegate.swift in Sources */,
				3850AA271FD5FF5F0057D125 /* MediaSelectViewController.swift in Sources */,
			);
			runOnlyForDeploymentPostprocessing = 0;
		};
/* End PBXSourcesBuildPhase section */

/* Begin PBXVariantGroup section */
		380E993A1F9EEF1A0059E0C4 /* Main.storyboard */ = {
			isa = PBXVariantGroup;
			children = (
				380E993B1F9EEF1A0059E0C4 /* Base */,
			);
			name = Main.storyboard;
			sourceTree = "<group>";
		};
		380E99421F9EEF1A0059E0C4 /* LaunchScreen.storyboard */ = {
			isa = PBXVariantGroup;
			children = (
				380E99431F9EEF1A0059E0C4 /* Base */,
			);
			name = LaunchScreen.storyboard;
			sourceTree = "<group>";
		};
/* End PBXVariantGroup section */

/* Begin XCBuildConfiguration section */
		380E99461F9EEF1A0059E0C4 /* Debug */ = {
			isa = XCBuildConfiguration;
			buildSettings = {
				ALWAYS_SEARCH_USER_PATHS = NO;
				CLANG_ANALYZER_NONNULL = YES;
				CLANG_ANALYZER_NUMBER_OBJECT_CONVERSION = YES_AGGRESSIVE;
				CLANG_CXX_LANGUAGE_STANDARD = "gnu++14";
				CLANG_CXX_LIBRARY = "libc++";
				CLANG_ENABLE_MODULES = YES;
				CLANG_ENABLE_OBJC_ARC = YES;
				CLANG_WARN_BLOCK_CAPTURE_AUTORELEASING = YES;
				CLANG_WARN_BOOL_CONVERSION = YES;
				CLANG_WARN_COMMA = YES;
				CLANG_WARN_CONSTANT_CONVERSION = YES;
				CLANG_WARN_DIRECT_OBJC_ISA_USAGE = YES_ERROR;
				CLANG_WARN_DOCUMENTATION_COMMENTS = YES;
				CLANG_WARN_EMPTY_BODY = YES;
				CLANG_WARN_ENUM_CONVERSION = YES;
				CLANG_WARN_INFINITE_RECURSION = YES;
				CLANG_WARN_INT_CONVERSION = YES;
				CLANG_WARN_NON_LITERAL_NULL_CONVERSION = YES;
				CLANG_WARN_OBJC_LITERAL_CONVERSION = YES;
				CLANG_WARN_OBJC_ROOT_CLASS = YES_ERROR;
				CLANG_WARN_RANGE_LOOP_ANALYSIS = YES;
				CLANG_WARN_STRICT_PROTOTYPES = YES;
				CLANG_WARN_SUSPICIOUS_MOVE = YES;
				CLANG_WARN_UNGUARDED_AVAILABILITY = YES_AGGRESSIVE;
				CLANG_WARN_UNREACHABLE_CODE = YES;
				CLANG_WARN__DUPLICATE_METHOD_MATCH = YES;
				CODE_SIGN_IDENTITY = "iPhone Developer";
				COPY_PHASE_STRIP = NO;
				DEBUG_INFORMATION_FORMAT = dwarf;
				ENABLE_STRICT_OBJC_MSGSEND = YES;
				ENABLE_TESTABILITY = YES;
				GCC_C_LANGUAGE_STANDARD = gnu11;
				GCC_DYNAMIC_NO_PIC = NO;
				GCC_NO_COMMON_BLOCKS = YES;
				GCC_OPTIMIZATION_LEVEL = 0;
				GCC_PREPROCESSOR_DEFINITIONS = (
					"DEBUG=1",
					"$(inherited)",
				);
				GCC_WARN_64_TO_32_BIT_CONVERSION = YES;
				GCC_WARN_ABOUT_RETURN_TYPE = YES_ERROR;
				GCC_WARN_UNDECLARED_SELECTOR = YES;
				GCC_WARN_UNINITIALIZED_AUTOS = YES_AGGRESSIVE;
				GCC_WARN_UNUSED_FUNCTION = YES;
				GCC_WARN_UNUSED_VARIABLE = YES;
				IPHONEOS_DEPLOYMENT_TARGET = 11.0;
				MTL_ENABLE_DEBUG_INFO = YES;
				ONLY_ACTIVE_ARCH = YES;
				SDKROOT = iphoneos;
				SWIFT_ACTIVE_COMPILATION_CONDITIONS = DEBUG;
				SWIFT_OPTIMIZATION_LEVEL = "-Onone";
			};
			name = Debug;
		};
		380E99471F9EEF1A0059E0C4 /* Release */ = {
			isa = XCBuildConfiguration;
			buildSettings = {
				ALWAYS_SEARCH_USER_PATHS = NO;
				CLANG_ANALYZER_NONNULL = YES;
				CLANG_ANALYZER_NUMBER_OBJECT_CONVERSION = YES_AGGRESSIVE;
				CLANG_CXX_LANGUAGE_STANDARD = "gnu++14";
				CLANG_CXX_LIBRARY = "libc++";
				CLANG_ENABLE_MODULES = YES;
				CLANG_ENABLE_OBJC_ARC = YES;
				CLANG_WARN_BLOCK_CAPTURE_AUTORELEASING = YES;
				CLANG_WARN_BOOL_CONVERSION = YES;
				CLANG_WARN_COMMA = YES;
				CLANG_WARN_CONSTANT_CONVERSION = YES;
				CLANG_WARN_DIRECT_OBJC_ISA_USAGE = YES_ERROR;
				CLANG_WARN_DOCUMENTATION_COMMENTS = YES;
				CLANG_WARN_EMPTY_BODY = YES;
				CLANG_WARN_ENUM_CONVERSION = YES;
				CLANG_WARN_INFINITE_RECURSION = YES;
				CLANG_WARN_INT_CONVERSION = YES;
				CLANG_WARN_NON_LITERAL_NULL_CONVERSION = YES;
				CLANG_WARN_OBJC_LITERAL_CONVERSION = YES;
				CLANG_WARN_OBJC_ROOT_CLASS = YES_ERROR;
				CLANG_WARN_RANGE_LOOP_ANALYSIS = YES;
				CLANG_WARN_STRICT_PROTOTYPES = YES;
				CLANG_WARN_SUSPICIOUS_MOVE = YES;
				CLANG_WARN_UNGUARDED_AVAILABILITY = YES_AGGRESSIVE;
				CLANG_WARN_UNREACHABLE_CODE = YES;
				CLANG_WARN__DUPLICATE_METHOD_MATCH = YES;
				CODE_SIGN_IDENTITY = "iPhone Developer";
				COPY_PHASE_STRIP = NO;
				DEBUG_INFORMATION_FORMAT = "dwarf-with-dsym";
				ENABLE_NS_ASSERTIONS = NO;
				ENABLE_STRICT_OBJC_MSGSEND = YES;
				GCC_C_LANGUAGE_STANDARD = gnu11;
				GCC_NO_COMMON_BLOCKS = YES;
				GCC_WARN_64_TO_32_BIT_CONVERSION = YES;
				GCC_WARN_ABOUT_RETURN_TYPE = YES_ERROR;
				GCC_WARN_UNDECLARED_SELECTOR = YES;
				GCC_WARN_UNINITIALIZED_AUTOS = YES_AGGRESSIVE;
				GCC_WARN_UNUSED_FUNCTION = YES;
				GCC_WARN_UNUSED_VARIABLE = YES;
				IPHONEOS_DEPLOYMENT_TARGET = 11.0;
				MTL_ENABLE_DEBUG_INFO = NO;
				SDKROOT = iphoneos;
				SWIFT_OPTIMIZATION_LEVEL = "-Owholemodule";
				VALIDATE_PRODUCT = YES;
			};
			name = Release;
		};
		380E99491F9EEF1A0059E0C4 /* Debug */ = {
			isa = XCBuildConfiguration;
			buildSettings = {
				ASSETCATALOG_COMPILER_APPICON_NAME = "AppIcon-1";
				CODE_SIGN_ENTITLEMENTS = Noteworthy/Noteworthy.entitlements;
				CODE_SIGN_STYLE = Automatic;
				DEVELOPMENT_TEAM = 5A3323C976;
				INFOPLIST_FILE = Noteworthy/Info.plist;
				LD_RUNPATH_SEARCH_PATHS = "$(inherited) @executable_path/Frameworks";
				PRODUCT_BUNDLE_IDENTIFIER = com.JohnHicks.Noteworthy;
				PRODUCT_NAME = "$(TARGET_NAME)";
				SWIFT_VERSION = 4.0;
				TARGETED_DEVICE_FAMILY = "1,2";
			};
			name = Debug;
		};
		380E994A1F9EEF1A0059E0C4 /* Release */ = {
			isa = XCBuildConfiguration;
			buildSettings = {
				ASSETCATALOG_COMPILER_APPICON_NAME = "AppIcon-1";
				CODE_SIGN_ENTITLEMENTS = Noteworthy/Noteworthy.entitlements;
				CODE_SIGN_STYLE = Automatic;
				DEVELOPMENT_TEAM = 5A3323C976;
				INFOPLIST_FILE = Noteworthy/Info.plist;
				LD_RUNPATH_SEARCH_PATHS = "$(inherited) @executable_path/Frameworks";
				PRODUCT_BUNDLE_IDENTIFIER = com.JohnHicks.Noteworthy;
				PRODUCT_NAME = "$(TARGET_NAME)";
				SWIFT_VERSION = 4.0;
				TARGETED_DEVICE_FAMILY = "1,2";
			};
			name = Release;
		};
/* End XCBuildConfiguration section */

/* Begin XCConfigurationList section */
		380E992E1F9EEF1A0059E0C4 /* Build configuration list for PBXProject "Noteworthy" */ = {
			isa = XCConfigurationList;
			buildConfigurations = (
				380E99461F9EEF1A0059E0C4 /* Debug */,
				380E99471F9EEF1A0059E0C4 /* Release */,
			);
			defaultConfigurationIsVisible = 0;
			defaultConfigurationName = Release;
		};
		380E99481F9EEF1A0059E0C4 /* Build configuration list for PBXNativeTarget "Noteworthy" */ = {
			isa = XCConfigurationList;
			buildConfigurations = (
				380E99491F9EEF1A0059E0C4 /* Debug */,
				380E994A1F9EEF1A0059E0C4 /* Release */,
			);
			defaultConfigurationIsVisible = 0;
			defaultConfigurationName = Release;
		};
/* End XCConfigurationList section */

/* Begin XCVersionGroup section */
		3850AA111FD5BE6B0057D125 /* Noteworthy.xcdatamodeld */ = {
			isa = XCVersionGroup;
			children = (
				3850AA121FD5BE6B0057D125 /* Noteworthy.xcdatamodel */,
			);
			currentVersion = 3850AA121FD5BE6B0057D125 /* Noteworthy.xcdatamodel */;
			path = Noteworthy.xcdatamodeld;
			sourceTree = "<group>";
			versionGroupType = wrapper.xcdatamodel;
		};
/* End XCVersionGroup section */
	};
	rootObject = 380E992B1F9EEF1A0059E0C4 /* Project object */;
}
